
Microsoft Visual Studio Solution File, Format Version 12.00
# Visual Studio Version 16
VisualStudioVersion = 16.0.31729.503
MinimumVisualStudioVersion = 10.0.40219.1
Project("{9A19103F-16F7-4668-BE54-9A1E7A4F7556}") = "IT499_Capstone_Project", "IT499_Capstone_Project.csproj", "{2A7D8395-2454-40BC-B18B-10A1A48FB958}"
EndProject
Project("{9A19103F-16F7-4668-BE54-9A1E7A4F7556}") = "IT499_Test_App", "..\IT499_Test_App\IT499_Test_App.csproj", "{55D1C901-846D-4A74-A4B8-F3BC1ED71224}"
	ProjectSection(ProjectDependencies) = postProject
		{2A7D8395-2454-40BC-B18B-10A1A48FB958} = {2A7D8395-2454-40BC-B18B-10A1A48FB958}
	EndProjectSection
EndProject
Global
	GlobalSection(SolutionConfigurationPlatforms) = preSolution
		Debug|Any CPU = Debug|Any CPU
		Release|Any CPU = Release|Any CPU
	EndGlobalSection
	GlobalSection(ProjectConfigurationPlatforms) = postSolution
		{2A7D8395-2454-40BC-B18B-10A1A48FB958}.Debug|Any CPU.ActiveCfg = Debug|Any CPU
		{2A7D8395-2454-40BC-B18B-10A1A48FB958}.Debug|Any CPU.Build.0 = Debug|Any CPU
		{2A7D8395-2454-40BC-B18B-10A1A48FB958}.Release|Any CPU.ActiveCfg = Release|Any CPU
		{2A7D8395-2454-40BC-B18B-10A1A48FB958}.Release|Any CPU.Build.0 = Release|Any CPU
		{55D1C901-846D-4A74-A4B8-F3BC1ED71224}.Debug|Any CPU.ActiveCfg = Debug|Any CPU
		{55D1C901-846D-4A74-A4B8-F3BC1ED71224}.Debug|Any CPU.Build.0 = Debug|Any CPU
		{55D1C901-846D-4A74-A4B8-F3BC1ED71224}.Release|Any CPU.ActiveCfg = Release|Any CPU
		{55D1C901-846D-4A74-A4B8-F3BC1ED71224}.Release|Any CPU.Build.0 = Release|Any CPU
	EndGlobalSection
	GlobalSection(SolutionProperties) = preSolution
		HideSolutionNode = FALSE
	EndGlobalSection
	GlobalSection(ExtensibilityGlobals) = postSolution
		SolutionGuid = {23D212E2-0C5D-46F2-864E-31DD4204F334}
	EndGlobalSection
EndGlobal
